
Microsoft Visual Studio Solution File, Format Version 12.00
# Visual Studio Version 16
VisualStudioVersion = 16.0.29926.136
MinimumVisualStudioVersion = 10.0.40219.1
Project("{8BC9CEB8-8B4A-11D0-8D11-00A0C91BC942}") = "Task_103_5", "Task_103_5\Task_103_5.vcxproj", "{8DA1408D-3E60-4C63-8656-A7E281B1E948}"
EndProject
Global
	GlobalSection(SolutionConfigurationPlatforms) = preSolution
		Debug|x64 = Debug|x64
		Debug|x86 = Debug|x86
		Release|x64 = Release|x64
		Release|x86 = Release|x86
	EndGlobalSection
	GlobalSection(ProjectConfigurationPlatforms) = postSolution
		{8DA1408D-3E60-4C63-8656-A7E281B1E948}.Debug|x64.ActiveCfg = Debug|x64
		{8DA1408D-3E60-4C63-8656-A7E281B1E948}.Debug|x64.Build.0 = Debug|x64
		{8DA1408D-3E60-4C63-8656-A7E281B1E948}.Debug|x86.ActiveCfg = Debug|Win32
		{8DA1408D-3E60-4C63-8656-A7E281B1E948}.Debug|x86.Build.0 = Debug|Win32
		{8DA1408D-3E60-4C63-8656-A7E281B1E948}.Release|x64.ActiveCfg = Release|x64
		{8DA1408D-3E60-4C63-8656-A7E281B1E948}.Release|x64.Build.0 = Release|x64
		{8DA1408D-3E60-4C63-8656-A7E281B1E948}.Release|x86.ActiveCfg = Release|Win32
		{8DA1408D-3E60-4C63-8656-A7E281B1E948}.Release|x86.Build.0 = Release|Win32
	EndGlobalSection
	GlobalSection(SolutionProperties) = preSolution
		HideSolutionNode = FALSE
	EndGlobalSection
	GlobalSection(ExtensibilityGlobals) = postSolution
		SolutionGuid = {8F5855D2-DAF1-4762-9A04-6B06A2160FB2}
	EndGlobalSection
EndGlobal
