
Microsoft Visual Studio Solution File, Format Version 12.00
# Visual Studio Version 16
VisualStudioVersion = 16.0.29926.136
MinimumVisualStudioVersion = 10.0.40219.1
Project("{8BC9CEB8-8B4A-11D0-8D11-00A0C91BC942}") = "Task_103_8", "Task_103_8\Task_103_8.vcxproj", "{91AC21A1-6E3A-4A97-A2CB-4F1BB44DC016}"
EndProject
Global
	GlobalSection(SolutionConfigurationPlatforms) = preSolution
		Debug|x64 = Debug|x64
		Debug|x86 = Debug|x86
		Release|x64 = Release|x64
		Release|x86 = Release|x86
	EndGlobalSection
	GlobalSection(ProjectConfigurationPlatforms) = postSolution
		{91AC21A1-6E3A-4A97-A2CB-4F1BB44DC016}.Debug|x64.ActiveCfg = Debug|x64
		{91AC21A1-6E3A-4A97-A2CB-4F1BB44DC016}.Debug|x64.Build.0 = Debug|x64
		{91AC21A1-6E3A-4A97-A2CB-4F1BB44DC016}.Debug|x86.ActiveCfg = Debug|Win32
		{91AC21A1-6E3A-4A97-A2CB-4F1BB44DC016}.Debug|x86.Build.0 = Debug|Win32
		{91AC21A1-6E3A-4A97-A2CB-4F1BB44DC016}.Release|x64.ActiveCfg = Release|x64
		{91AC21A1-6E3A-4A97-A2CB-4F1BB44DC016}.Release|x64.Build.0 = Release|x64
		{91AC21A1-6E3A-4A97-A2CB-4F1BB44DC016}.Release|x86.ActiveCfg = Release|Win32
		{91AC21A1-6E3A-4A97-A2CB-4F1BB44DC016}.Release|x86.Build.0 = Release|Win32
	EndGlobalSection
	GlobalSection(SolutionProperties) = preSolution
		HideSolutionNode = FALSE
	EndGlobalSection
	GlobalSection(ExtensibilityGlobals) = postSolution
		SolutionGuid = {3D0E0749-2CF1-40E1-B741-01F069215F73}
	EndGlobalSection
EndGlobal
